
Microsoft Visual Studio Solution File, Format Version 11.00
# Visual Studio 2010
Project("{FAE04EC0-301F-11D3-BF4B-00C04F79EFBC}") = "Tasks.Show.Test", "Tasks.Show.Test\Tasks.Show.Test.csproj", "{CC2BD9A7-68B5-415A-8054-86D612DA8B27}"
EndProject
Project("{FAE04EC0-301F-11D3-BF4B-00C04F79EFBC}") = "Tasks.Show.Data", "Tasks.Show.Data\Tasks.Show.Data.csproj", "{BF7415CD-E6B2-4661-B780-6240DA60F605}"
EndProject
Project("{2150E333-8FDC-42A3-9474-1A3956D46DE8}") = "Solution Items", "Solution Items", "{19DB7D9B-AF6C-40FD-A8CD-021EDE50A969}"
	ProjectSection(SolutionItems) = preProject
		Tasks.Show.vsmdi = Tasks.Show.vsmdi
		TestSettings.testsettings = TestSettings.testsettings
	EndProjectSection
EndProject
Project("{FAE04EC0-301F-11D3-BF4B-00C04F79EFBC}") = "PixelLab.Common_WPF4", "bot\Common\PixelLab.Common.csproj", "{273247A2-A3C8-42D0-8463-F95FC5C0A34C}"
EndProject
Project("{FAE04EC0-301F-11D3-BF4B-00C04F79EFBC}") = "PixelLab.Wpf_4", "bot\Wpf\PixelLab.Wpf.csproj", "{E4BBC94F-B837-4668-A127-E36E6DE012F5}"
EndProject
Project("{FAE04EC0-301F-11D3-BF4B-00C04F79EFBC}") = "Tasks.Show", "Tasks.Show.App\Tasks.Show.csproj", "{34A9D639-C1D7-4565-9D1F-C47A2BEB1445}"
EndProject
Global
	GlobalSection(TestCaseManagementSettings) = postSolution
		CategoryFile = Tasks.Show.vsmdi
	EndGlobalSection
	GlobalSection(SolutionConfigurationPlatforms) = preSolution
		Debug|Any CPU = Debug|Any CPU
		Debug|x86 = Debug|x86
		Release|Any CPU = Release|Any CPU
		Release|x86 = Release|x86
	EndGlobalSection
	GlobalSection(ProjectConfigurationPlatforms) = postSolution
		{CC2BD9A7-68B5-415A-8054-86D612DA8B27}.Debug|Any CPU.ActiveCfg = Debug|Any CPU
		{CC2BD9A7-68B5-415A-8054-86D612DA8B27}.Debug|Any CPU.Build.0 = Debug|Any CPU
		{CC2BD9A7-68B5-415A-8054-86D612DA8B27}.Debug|x86.ActiveCfg = Debug|x86
		{CC2BD9A7-68B5-415A-8054-86D612DA8B27}.Debug|x86.Build.0 = Debug|x86
		{CC2BD9A7-68B5-415A-8054-86D612DA8B27}.Release|Any CPU.ActiveCfg = Release|Any CPU
		{CC2BD9A7-68B5-415A-8054-86D612DA8B27}.Release|Any CPU.Build.0 = Release|Any CPU
		{CC2BD9A7-68B5-415A-8054-86D612DA8B27}.Release|x86.ActiveCfg = Release|x86
		{CC2BD9A7-68B5-415A-8054-86D612DA8B27}.Release|x86.Build.0 = Release|x86
		{BF7415CD-E6B2-4661-B780-6240DA60F605}.Debug|Any CPU.ActiveCfg = Debug|Any CPU
		{BF7415CD-E6B2-4661-B780-6240DA60F605}.Debug|Any CPU.Build.0 = Debug|Any CPU
		{BF7415CD-E6B2-4661-B780-6240DA60F605}.Debug|x86.ActiveCfg = Debug|Any CPU
		{BF7415CD-E6B2-4661-B780-6240DA60F605}.Release|Any CPU.ActiveCfg = Release|Any CPU
		{BF7415CD-E6B2-4661-B780-6240DA60F605}.Release|Any CPU.Build.0 = Release|Any CPU
		{BF7415CD-E6B2-4661-B780-6240DA60F605}.Release|x86.ActiveCfg = Release|Any CPU
		{273247A2-A3C8-42D0-8463-F95FC5C0A34C}.Debug|Any CPU.ActiveCfg = Debug|Any CPU
		{273247A2-A3C8-42D0-8463-F95FC5C0A34C}.Debug|Any CPU.Build.0 = Debug|Any CPU
		{273247A2-A3C8-42D0-8463-F95FC5C0A34C}.Debug|x86.ActiveCfg = Debug|Any CPU
		{273247A2-A3C8-42D0-8463-F95FC5C0A34C}.Release|Any CPU.ActiveCfg = Release|Any CPU
		{273247A2-A3C8-42D0-8463-F95FC5C0A34C}.Release|Any CPU.Build.0 = Release|Any CPU
		{273247A2-A3C8-42D0-8463-F95FC5C0A34C}.Release|x86.ActiveCfg = Release|Any CPU
		{E4BBC94F-B837-4668-A127-E36E6DE012F5}.Debug|Any CPU.ActiveCfg = Debug|Any CPU
		{E4BBC94F-B837-4668-A127-E36E6DE012F5}.Debug|Any CPU.Build.0 = Debug|Any CPU
		{E4BBC94F-B837-4668-A127-E36E6DE012F5}.Debug|x86.ActiveCfg = Debug|Any CPU
		{E4BBC94F-B837-4668-A127-E36E6DE012F5}.Release|Any CPU.ActiveCfg = Release|Any CPU
		{E4BBC94F-B837-4668-A127-E36E6DE012F5}.Release|Any CPU.Build.0 = Release|Any CPU
		{E4BBC94F-B837-4668-A127-E36E6DE012F5}.Release|x86.ActiveCfg = Release|Any CPU
		{34A9D639-C1D7-4565-9D1F-C47A2BEB1445}.Debug|Any CPU.ActiveCfg = Debug|Any CPU
		{34A9D639-C1D7-4565-9D1F-C47A2BEB1445}.Debug|Any CPU.Build.0 = Debug|Any CPU
		{34A9D639-C1D7-4565-9D1F-C47A2BEB1445}.Debug|x86.ActiveCfg = Debug|x86
		{34A9D639-C1D7-4565-9D1F-C47A2BEB1445}.Debug|x86.Build.0 = Debug|x86
		{34A9D639-C1D7-4565-9D1F-C47A2BEB1445}.Release|Any CPU.ActiveCfg = Release|Any CPU
		{34A9D639-C1D7-4565-9D1F-C47A2BEB1445}.Release|Any CPU.Build.0 = Release|Any CPU
		{34A9D639-C1D7-4565-9D1F-C47A2BEB1445}.Release|x86.ActiveCfg = Release|x86
		{34A9D639-C1D7-4565-9D1F-C47A2BEB1445}.Release|x86.Build.0 = Release|x86
	EndGlobalSection
	GlobalSection(SolutionProperties) = preSolution
		HideSolutionNode = FALSE
	EndGlobalSection
EndGlobal
